// !$*UTF8*$!
{
	archiveVersion = 1;
	classes = {
	};
	objectVersion = 50;
	objects = {

/* Begin PBXBuildFile section */
		FA035290234DE43000D0D569 /* MainViewController.swift in Sources */ = {isa = PBXBuildFile; fileRef = FA03528F234DE43000D0D569 /* MainViewController.swift */; };
		FA035292234DE43D00D0D569 /* CollectionViewCell.swift in Sources */ = {isa = PBXBuildFile; fileRef = FA035291234DE43D00D0D569 /* CollectionViewCell.swift */; };
		FA035294234DEAA700D0D569 /* NetworkManager.swift in Sources */ = {isa = PBXBuildFile; fileRef = FA035293234DEAA700D0D569 /* NetworkManager.swift */; };
		FACE5E70234CEB5900D9811F /* TableViewCell.swift in Sources */ = {isa = PBXBuildFile; fileRef = FACE5E6F234CEB5900D9811F /* TableViewCell.swift */; };
		FADD971B234C94D0000CBDEF /* CoursesViewController.swift in Sources */ = {isa = PBXBuildFile; fileRef = FADD971A234C94D0000CBDEF /* CoursesViewController.swift */; };
		FADD971D234C951B000CBDEF /* WebViewController.swift in Sources */ = {isa = PBXBuildFile; fileRef = FADD971C234C951B000CBDEF /* WebViewController.swift */; };
		FADD971F234C9738000CBDEF /* Course.swift in Sources */ = {isa = PBXBuildFile; fileRef = FADD971E234C9738000CBDEF /* Course.swift */; };
		FADD9721234C9B97000CBDEF /* WebSiteDescription.swift in Sources */ = {isa = PBXBuildFile; fileRef = FADD9720234C9B97000CBDEF /* WebSiteDescription.swift */; };
		FAEB6409234600F5004CEE0F /* AppDelegate.swift in Sources */ = {isa = PBXBuildFile; fileRef = FAEB6408234600F5004CEE0F /* AppDelegate.swift */; };
		FAEB640B234600F5004CEE0F /* ImageViewController.swift in Sources */ = {isa = PBXBuildFile; fileRef = FAEB640A234600F5004CEE0F /* ImageViewController.swift */; };
		FAEB640E234600F5004CEE0F /* Main.storyboard in Resources */ = {isa = PBXBuildFile; fileRef = FAEB640C234600F5004CEE0F /* Main.storyboard */; };
		FAEB6410234600F8004CEE0F /* Assets.xcassets in Resources */ = {isa = PBXBuildFile; fileRef = FAEB640F234600F8004CEE0F /* Assets.xcassets */; };
		FAEB6413234600F8004CEE0F /* LaunchScreen.storyboard in Resources */ = {isa = PBXBuildFile; fileRef = FAEB6411234600F8004CEE0F /* LaunchScreen.storyboard */; };
/* End PBXBuildFile section */

/* Begin PBXFileReference section */
		FA03528F234DE43000D0D569 /* MainViewController.swift */ = {isa = PBXFileReference; lastKnownFileType = sourcecode.swift; path = MainViewController.swift; sourceTree = "<group>"; };
		FA035291234DE43D00D0D569 /* CollectionViewCell.swift */ = {isa = PBXFileReference; lastKnownFileType = sourcecode.swift; path = CollectionViewCell.swift; sourceTree = "<group>"; };
		FA035293234DEAA700D0D569 /* NetworkManager.swift */ = {isa = PBXFileReference; lastKnownFileType = sourcecode.swift; path = NetworkManager.swift; sourceTree = "<group>"; };
		FACE5E6F234CEB5900D9811F /* TableViewCell.swift */ = {isa = PBXFileReference; lastKnownFileType = sourcecode.swift; path = TableViewCell.swift; sourceTree = "<group>"; };
		FADD971A234C94D0000CBDEF /* CoursesViewController.swift */ = {isa = PBXFileReference; lastKnownFileType = sourcecode.swift; path = CoursesViewController.swift; sourceTree = "<group>"; };
		FADD971C234C951B000CBDEF /* WebViewController.swift */ = {isa = PBXFileReference; lastKnownFileType = sourcecode.swift; path = WebViewController.swift; sourceTree = "<group>"; };
		FADD971E234C9738000CBDEF /* Course.swift */ = {isa = PBXFileReference; lastKnownFileType = sourcecode.swift; path = Course.swift; sourceTree = "<group>"; };
		FADD9720234C9B97000CBDEF /* WebSiteDescription.swift */ = {isa = PBXFileReference; lastKnownFileType = sourcecode.swift; path = WebSiteDescription.swift; sourceTree = "<group>"; };
		FAEB6405234600F5004CEE0F /* MyNetworking.app */ = {isa = PBXFileReference; explicitFileType = wrapper.application; includeInIndex = 0; path = MyNetworking.app; sourceTree = BUILT_PRODUCTS_DIR; };
		FAEB6408234600F5004CEE0F /* AppDelegate.swift */ = {isa = PBXFileReference; lastKnownFileType = sourcecode.swift; path = AppDelegate.swift; sourceTree = "<group>"; };
		FAEB640A234600F5004CEE0F /* ImageViewController.swift */ = {isa = PBXFileReference; lastKnownFileType = sourcecode.swift; path = ImageViewController.swift; sourceTree = "<group>"; };
		FAEB640D234600F5004CEE0F /* Base */ = {isa = PBXFileReference; lastKnownFileType = file.storyboard; name = Base; path = Base.lproj/Main.storyboard; sourceTree = "<group>"; };
		FAEB640F234600F8004CEE0F /* Assets.xcassets */ = {isa = PBXFileReference; lastKnownFileType = folder.assetcatalog; path = Assets.xcassets; sourceTree = "<group>"; };
		FAEB6412234600F8004CEE0F /* Base */ = {isa = PBXFileReference; lastKnownFileType = file.storyboard; name = Base; path = Base.lproj/LaunchScreen.storyboard; sourceTree = "<group>"; };
		FAEB6414234600F8004CEE0F /* Info.plist */ = {isa = PBXFileReference; lastKnownFileType = text.plist.xml; path = Info.plist; sourceTree = "<group>"; };
/* End PBXFileReference section */

/* Begin PBXFrameworksBuildPhase section */
		FAEB6402234600F5004CEE0F /* Frameworks */ = {
			isa = PBXFrameworksBuildPhase;
			buildActionMask = 2147483647;
			files = (
			);
			runOnlyForDeploymentPostprocessing = 0;
		};
/* End PBXFrameworksBuildPhase section */

/* Begin PBXGroup section */
		FAEB63FC234600F5004CEE0F = {
			isa = PBXGroup;
			children = (
				FAEB6407234600F5004CEE0F /* MyNetworking */,
				FAEB6406234600F5004CEE0F /* Products */,
			);
			sourceTree = "<group>";
		};
		FAEB6406234600F5004CEE0F /* Products */ = {
			isa = PBXGroup;
			children = (
				FAEB6405234600F5004CEE0F /* MyNetworking.app */,
			);
			name = Products;
			sourceTree = "<group>";
		};
		FAEB6407234600F5004CEE0F /* MyNetworking */ = {
			isa = PBXGroup;
			children = (
				FAEB6408234600F5004CEE0F /* AppDelegate.swift */,
				FA035293234DEAA700D0D569 /* NetworkManager.swift */,
				FA03528F234DE43000D0D569 /* MainViewController.swift */,
				FA035291234DE43D00D0D569 /* CollectionViewCell.swift */,
				FAEB640A234600F5004CEE0F /* ImageViewController.swift */,
				FADD971A234C94D0000CBDEF /* CoursesViewController.swift */,
				FACE5E6F234CEB5900D9811F /* TableViewCell.swift */,
				FADD971E234C9738000CBDEF /* Course.swift */,
				FADD9720234C9B97000CBDEF /* WebSiteDescription.swift */,
				FADD971C234C951B000CBDEF /* WebViewController.swift */,
				FAEB640C234600F5004CEE0F /* Main.storyboard */,
				FAEB640F234600F8004CEE0F /* Assets.xcassets */,
				FAEB6411234600F8004CEE0F /* LaunchScreen.storyboard */,
				FAEB6414234600F8004CEE0F /* Info.plist */,
			);
			path = MyNetworking;
			sourceTree = "<group>";
		};
/* End PBXGroup section */

/* Begin PBXNativeTarget section */
		FAEB6404234600F5004CEE0F /* MyNetworking */ = {
			isa = PBXNativeTarget;
			buildConfigurationList = FAEB6417234600F8004CEE0F /* Build configuration list for PBXNativeTarget "MyNetworking" */;
			buildPhases = (
				FAEB6401234600F5004CEE0F /* Sources */,
				FAEB6402234600F5004CEE0F /* Frameworks */,
				FAEB6403234600F5004CEE0F /* Resources */,
			);
			buildRules = (
			);
			dependencies = (
			);
			name = MyNetworking;
			productName = MyNetworking;
			productReference = FAEB6405234600F5004CEE0F /* MyNetworking.app */;
			productType = "com.apple.product-type.application";
		};
/* End PBXNativeTarget section */

/* Begin PBXProject section */
		FAEB63FD234600F5004CEE0F /* Project object */ = {
			isa = PBXProject;
			attributes = {
				LastSwiftUpdateCheck = 1030;
				LastUpgradeCheck = 1030;
				ORGANIZATIONNAME = MacBook;
				TargetAttributes = {
					FAEB6404234600F5004CEE0F = {
						CreatedOnToolsVersion = 10.3;
					};
				};
			};
			buildConfigurationList = FAEB6400234600F5004CEE0F /* Build configuration list for PBXProject "MyNetworking" */;
			compatibilityVersion = "Xcode 9.3";
			developmentRegion = en;
			hasScannedForEncodings = 0;
			knownRegions = (
				en,
				Base,
			);
			mainGroup = FAEB63FC234600F5004CEE0F;
			productRefGroup = FAEB6406234600F5004CEE0F /* Products */;
			projectDirPath = "";
			projectRoot = "";
			targets = (
				FAEB6404234600F5004CEE0F /* MyNetworking */,
			);
		};
/* End PBXProject section */

/* Begin PBXResourcesBuildPhase section */
		FAEB6403234600F5004CEE0F /* Resources */ = {
			isa = PBXResourcesBuildPhase;
			buildActionMask = 2147483647;
			files = (
				FAEB6413234600F8004CEE0F /* LaunchScreen.storyboard in Resources */,
				FAEB6410234600F8004CEE0F /* Assets.xcassets in Resources */,
				FAEB640E234600F5004CEE0F /* Main.storyboard in Resources */,
			);
			runOnlyForDeploymentPostprocessing = 0;
		};
/* End PBXResourcesBuildPhase section */

/* Begin PBXSourcesBuildPhase section */
		FAEB6401234600F5004CEE0F /* Sources */ = {
			isa = PBXSourcesBuildPhase;
			buildActionMask = 2147483647;
			files = (
				FA035292234DE43D00D0D569 /* CollectionViewCell.swift in Sources */,
				FADD971F234C9738000CBDEF /* Course.swift in Sources */,
				FACE5E70234CEB5900D9811F /* TableViewCell.swift in Sources */,
				FA035294234DEAA700D0D569 /* NetworkManager.swift in Sources */,
				FADD971B234C94D0000CBDEF /* CoursesViewController.swift in Sources */,
				FAEB640B234600F5004CEE0F /* ImageViewController.swift in Sources */,
				FADD971D234C951B000CBDEF /* WebViewController.swift in Sources */,
				FA035290234DE43000D0D569 /* MainViewController.swift in Sources */,
				FADD9721234C9B97000CBDEF /* WebSiteDescription.swift in Sources */,
				FAEB6409234600F5004CEE0F /* AppDelegate.swift in Sources */,
			);
			runOnlyForDeploymentPostprocessing = 0;
		};
/* End PBXSourcesBuildPhase section */

/* Begin PBXVariantGroup section */
		FAEB640C234600F5004CEE0F /* Main.storyboard */ = {
			isa = PBXVariantGroup;
			children = (
				FAEB640D234600F5004CEE0F /* Base */,
			);
			name = Main.storyboard;
			sourceTree = "<group>";
		};
		FAEB6411234600F8004CEE0F /* LaunchScreen.storyboard */ = {
			isa = PBXVariantGroup;
			children = (
				FAEB6412234600F8004CEE0F /* Base */,
			);
			name = LaunchScreen.storyboard;
			sourceTree = "<group>";
		};
/* End PBXVariantGroup section */

/* Begin XCBuildConfiguration section */
		FAEB6415234600F8004CEE0F /* Debug */ = {
			isa = XCBuildConfiguration;
			buildSettings = {
				ALWAYS_SEARCH_USER_PATHS = NO;
				CLANG_ANALYZER_NONNULL = YES;
				CLANG_ANALYZER_NUMBER_OBJECT_CONVERSION = YES_AGGRESSIVE;
				CLANG_CXX_LANGUAGE_STANDARD = "gnu++14";
				CLANG_CXX_LIBRARY = "libc++";
				CLANG_ENABLE_MODULES = YES;
				CLANG_ENABLE_OBJC_ARC = YES;
				CLANG_ENABLE_OBJC_WEAK = YES;
				CLANG_WARN_BLOCK_CAPTURE_AUTORELEASING = YES;
				CLANG_WARN_BOOL_CONVERSION = YES;
				CLANG_WARN_COMMA = YES;
				CLANG_WARN_CONSTANT_CONVERSION = YES;
				CLANG_WARN_DEPRECATED_OBJC_IMPLEMENTATIONS = YES;
				CLANG_WARN_DIRECT_OBJC_ISA_USAGE = YES_ERROR;
				CLANG_WARN_DOCUMENTATION_COMMENTS = YES;
				CLANG_WARN_EMPTY_BODY = YES;
				CLANG_WARN_ENUM_CONVERSION = YES;
				CLANG_WARN_INFINITE_RECURSION = YES;
				CLANG_WARN_INT_CONVERSION = YES;
				CLANG_WARN_NON_LITERAL_NULL_CONVERSION = YES;
				CLANG_WARN_OBJC_IMPLICIT_RETAIN_SELF = YES;
				CLANG_WARN_OBJC_LITERAL_CONVERSION = YES;
				CLANG_WARN_OBJC_ROOT_CLASS = YES_ERROR;
				CLANG_WARN_RANGE_LOOP_ANALYSIS = YES;
				CLANG_WARN_STRICT_PROTOTYPES = YES;
				CLANG_WARN_SUSPICIOUS_MOVE = YES;
				CLANG_WARN_UNGUARDED_AVAILABILITY = YES_AGGRESSIVE;
				CLANG_WARN_UNREACHABLE_CODE = YES;
				CLANG_WARN__DUPLICATE_METHOD_MATCH = YES;
				CODE_SIGN_IDENTITY = "iPhone Developer";
				COPY_PHASE_STRIP = NO;
				DEBUG_INFORMATION_FORMAT = dwarf;
				ENABLE_STRICT_OBJC_MSGSEND = YES;
				ENABLE_TESTABILITY = YES;
				GCC_C_LANGUAGE_STANDARD = gnu11;
				GCC_DYNAMIC_NO_PIC = NO;
				GCC_NO_COMMON_BLOCKS = YES;
				GCC_OPTIMIZATION_LEVEL = 0;
				GCC_PREPROCESSOR_DEFINITIONS = (
					"DEBUG=1",
					"$(inherited)",
				);
				GCC_WARN_64_TO_32_BIT_CONVERSION = YES;
				GCC_WARN_ABOUT_RETURN_TYPE = YES_ERROR;
				GCC_WARN_UNDECLARED_SELECTOR = YES;
				GCC_WARN_UNINITIALIZED_AUTOS = YES_AGGRESSIVE;
				GCC_WARN_UNUSED_FUNCTION = YES;
				GCC_WARN_UNUSED_VARIABLE = YES;
				IPHONEOS_DEPLOYMENT_TARGET = 12.4;
				MTL_ENABLE_DEBUG_INFO = INCLUDE_SOURCE;
				MTL_FAST_MATH = YES;
				ONLY_ACTIVE_ARCH = YES;
				SDKROOT = iphoneos;
				SWIFT_ACTIVE_COMPILATION_CONDITIONS = DEBUG;
				SWIFT_OPTIMIZATION_LEVEL = "-Onone";
			};
			name = Debug;
		};
		FAEB6416234600F8004CEE0F /* Release */ = {
			isa = XCBuildConfiguration;
			buildSettings = {
				ALWAYS_SEARCH_USER_PATHS = NO;
				CLANG_ANALYZER_NONNULL = YES;
				CLANG_ANALYZER_NUMBER_OBJECT_CONVERSION = YES_AGGRESSIVE;
				CLANG_CXX_LANGUAGE_STANDARD = "gnu++14";
				CLANG_CXX_LIBRARY = "libc++";
				CLANG_ENABLE_MODULES = YES;
				CLANG_ENABLE_OBJC_ARC = YES;
				CLANG_ENABLE_OBJC_WEAK = YES;
				CLANG_WARN_BLOCK_CAPTURE_AUTORELEASING = YES;
				CLANG_WARN_BOOL_CONVERSION = YES;
				CLANG_WARN_COMMA = YES;
				CLANG_WARN_CONSTANT_CONVERSION = YES;
				CLANG_WARN_DEPRECATED_OBJC_IMPLEMENTATIONS = YES;
				CLANG_WARN_DIRECT_OBJC_ISA_USAGE = YES_ERROR;
				CLANG_WARN_DOCUMENTATION_COMMENTS = YES;
				CLANG_WARN_EMPTY_BODY = YES;
				CLANG_WARN_ENUM_CONVERSION = YES;
				CLANG_WARN_INFINITE_RECURSION = YES;
				CLANG_WARN_INT_CONVERSION = YES;
				CLANG_WARN_NON_LITERAL_NULL_CONVERSION = YES;
				CLANG_WARN_OBJC_IMPLICIT_RETAIN_SELF = YES;
				CLANG_WARN_OBJC_LITERAL_CONVERSION = YES;
				CLANG_WARN_OBJC_ROOT_CLASS = YES_ERROR;
				CLANG_WARN_RANGE_LOOP_ANALYSIS = YES;
				CLANG_WARN_STRICT_PROTOTYPES = YES;
				CLANG_WARN_SUSPICIOUS_MOVE = YES;
				CLANG_WARN_UNGUARDED_AVAILABILITY = YES_AGGRESSIVE;
				CLANG_WARN_UNREACHABLE_CODE = YES;
				CLANG_WARN__DUPLICATE_METHOD_MATCH = YES;
				CODE_SIGN_IDENTITY = "iPhone Developer";
				COPY_PHASE_STRIP = NO;
				DEBUG_INFORMATION_FORMAT = "dwarf-with-dsym";
				ENABLE_NS_ASSERTIONS = NO;
				ENABLE_STRICT_OBJC_MSGSEND = YES;
				GCC_C_LANGUAGE_STANDARD = gnu11;
				GCC_NO_COMMON_BLOCKS = YES;
				GCC_WARN_64_TO_32_BIT_CONVERSION = YES;
				GCC_WARN_ABOUT_RETURN_TYPE = YES_ERROR;
				GCC_WARN_UNDECLARED_SELECTOR = YES;
				GCC_WARN_UNINITIALIZED_AUTOS = YES_AGGRESSIVE;
				GCC_WARN_UNUSED_FUNCTION = YES;
				GCC_WARN_UNUSED_VARIABLE = YES;
				IPHONEOS_DEPLOYMENT_TARGET = 12.4;
				MTL_ENABLE_DEBUG_INFO = NO;
				MTL_FAST_MATH = YES;
				SDKROOT = iphoneos;
				SWIFT_COMPILATION_MODE = wholemodule;
				SWIFT_OPTIMIZATION_LEVEL = "-O";
				VALIDATE_PRODUCT = YES;
			};
			name = Release;
		};
		FAEB6418234600F8004CEE0F /* Debug */ = {
			isa = XCBuildConfiguration;
			buildSettings = {
				ASSETCATALOG_COMPILER_APPICON_NAME = AppIcon;
				CODE_SIGN_STYLE = Automatic;
				DEVELOPMENT_TEAM = 7Y46MAFM54;
				INFOPLIST_FILE = MyNetworking/Info.plist;
				LD_RUNPATH_SEARCH_PATHS = (
					"$(inherited)",
					"@executable_path/Frameworks",
				);
				PRODUCT_BUNDLE_IDENTIFIER = ru.OlgaDakhel.MyNetworking;
				PRODUCT_NAME = "$(TARGET_NAME)";
				SWIFT_VERSION = 5.0;
				TARGETED_DEVICE_FAMILY = "1,2";
			};
			name = Debug;
		};
		FAEB6419234600F8004CEE0F /* Release */ = {
			isa = XCBuildConfiguration;
			buildSettings = {
				ASSETCATALOG_COMPILER_APPICON_NAME = AppIcon;
				CODE_SIGN_STYLE = Automatic;
				DEVELOPMENT_TEAM = 7Y46MAFM54;
				INFOPLIST_FILE = MyNetworking/Info.plist;
				LD_RUNPATH_SEARCH_PATHS = (
					"$(inherited)",
					"@executable_path/Frameworks",
				);
				PRODUCT_BUNDLE_IDENTIFIER = ru.OlgaDakhel.MyNetworking;
				PRODUCT_NAME = "$(TARGET_NAME)";
				SWIFT_VERSION = 5.0;
				TARGETED_DEVICE_FAMILY = "1,2";
			};
			name = Release;
		};
/* End XCBuildConfiguration section */

/* Begin XCConfigurationList section */
		FAEB6400234600F5004CEE0F /* Build configuration list for PBXProject "MyNetworking" */ = {
			isa = XCConfigurationList;
			buildConfigurations = (
				FAEB6415234600F8004CEE0F /* Debug */,
				FAEB6416234600F8004CEE0F /* Release */,
			);
			defaultConfigurationIsVisible = 0;
			defaultConfigurationName = Release;
		};
		FAEB6417234600F8004CEE0F /* Build configuration list for PBXNativeTarget "MyNetworking" */ = {
			isa = XCConfigurationList;
			buildConfigurations = (
				FAEB6418234600F8004CEE0F /* Debug */,
				FAEB6419234600F8004CEE0F /* Release */,
			);
			defaultConfigurationIsVisible = 0;
			defaultConfigurationName = Release;
		};
/* End XCConfigurationList section */
	};
	rootObject = FAEB63FD234600F5004CEE0F /* Project object */;
}
